// !$*UTF8*$!
{
	archiveVersion = 1;
	classes = {
	};
	objectVersion = 46;
	objects = {

/* Begin PBXBuildFile section */
		9303C0291C52C14000560FF6 /* main.m in Sources */ = {isa = PBXBuildFile; fileRef = 9303C0281C52C14000560FF6 /* main.m */; };
		9303C02C1C52C14000560FF6 /* AppDelegate.m in Sources */ = {isa = PBXBuildFile; fileRef = 9303C02B1C52C14000560FF6 /* AppDelegate.m */; };
		9303C02F1C52C14000560FF6 /* ViewController.m in Sources */ = {isa = PBXBuildFile; fileRef = 9303C02E1C52C14000560FF6 /* ViewController.m */; };
		9303C0321C52C14000560FF6 /* Main.storyboard in Resources */ = {isa = PBXBuildFile; fileRef = 9303C0301C52C14000560FF6 /* Main.storyboard */; };
		9303C0341C52C14000560FF6 /* Assets.xcassets in Resources */ = {isa = PBXBuildFile; fileRef = 9303C0331C52C14000560FF6 /* Assets.xcassets */; };
		9303C0371C52C14000560FF6 /* LaunchScreen.storyboard in Resources */ = {isa = PBXBuildFile; fileRef = 9303C0351C52C14000560FF6 /* LaunchScreen.storyboard */; };
		9303C0421C52C14000560FF6 /* TipCalculator2Tests.m in Sources */ = {isa = PBXBuildFile; fileRef = 9303C0411C52C14000560FF6 /* TipCalculator2Tests.m */; };
		9303C04D1C52C14000560FF6 /* TipCalculator2UITests.m in Sources */ = {isa = PBXBuildFile; fileRef = 9303C04C1C52C14000560FF6 /* TipCalculator2UITests.m */; };
/* End PBXBuildFile section */

/* Begin PBXContainerItemProxy section */
		9303C03E1C52C14000560FF6 /* PBXContainerItemProxy */ = {
			isa = PBXContainerItemProxy;
			containerPortal = 9303C01C1C52C13F00560FF6 /* Project object */;
			proxyType = 1;
			remoteGlobalIDString = 9303C0231C52C14000560FF6;
			remoteInfo = TipCalculator2;
		};
		9303C0491C52C14000560FF6 /* PBXContainerItemProxy */ = {
			isa = PBXContainerItemProxy;
			containerPortal = 9303C01C1C52C13F00560FF6 /* Project object */;
			proxyType = 1;
			remoteGlobalIDString = 9303C0231C52C14000560FF6;
			remoteInfo = TipCalculator2;
		};
/* End PBXContainerItemProxy section */

/* Begin PBXFileReference section */
		9303C0241C52C14000560FF6 /* TipCalculator2.app */ = {isa = PBXFileReference; explicitFileType = wrapper.application; includeInIndex = 0; path = TipCalculator2.app; sourceTree = BUILT_PRODUCTS_DIR; };
		9303C0281C52C14000560FF6 /* main.m */ = {isa = PBXFileReference; lastKnownFileType = sourcecode.c.objc; path = main.m; sourceTree = "<group>"; };
		9303C02A1C52C14000560FF6 /* AppDelegate.h */ = {isa = PBXFileReference; lastKnownFileType = sourcecode.c.h; path = AppDelegate.h; sourceTree = "<group>"; };
		9303C02B1C52C14000560FF6 /* AppDelegate.m */ = {isa = PBXFileReference; lastKnownFileType = sourcecode.c.objc; path = AppDelegate.m; sourceTree = "<group>"; };
		9303C02D1C52C14000560FF6 /* ViewController.h */ = {isa = PBXFileReference; lastKnownFileType = sourcecode.c.h; path = ViewController.h; sourceTree = "<group>"; };
		9303C02E1C52C14000560FF6 /* ViewController.m */ = {isa = PBXFileReference; lastKnownFileType = sourcecode.c.objc; path = ViewController.m; sourceTree = "<group>"; };
		9303C0311C52C14000560FF6 /* Base */ = {isa = PBXFileReference; lastKnownFileType = file.storyboard; name = Base; path = Base.lproj/Main.storyboard; sourceTree = "<group>"; };
		9303C0331C52C14000560FF6 /* Assets.xcassets */ = {isa = PBXFileReference; lastKnownFileType = folder.assetcatalog; path = Assets.xcassets; sourceTree = "<group>"; };
		9303C0361C52C14000560FF6 /* Base */ = {isa = PBXFileReference; lastKnownFileType = file.storyboard; name = Base; path = Base.lproj/LaunchScreen.storyboard; sourceTree = "<group>"; };
		9303C0381C52C14000560FF6 /* Info.plist */ = {isa = PBXFileReference; lastKnownFileType = text.plist.xml; path = Info.plist; sourceTree = "<group>"; };
		9303C03D1C52C14000560FF6 /* TipCalculator2Tests.xctest */ = {isa = PBXFileReference; explicitFileType = wrapper.cfbundle; includeInIndex = 0; path = TipCalculator2Tests.xctest; sourceTree = BUILT_PRODUCTS_DIR; };
		9303C0411C52C14000560FF6 /* TipCalculator2Tests.m */ = {isa = PBXFileReference; lastKnownFileType = sourcecode.c.objc; path = TipCalculator2Tests.m; sourceTree = "<group>"; };
		9303C0431C52C14000560FF6 /* Info.plist */ = {isa = PBXFileReference; lastKnownFileType = text.plist.xml; path = Info.plist; sourceTree = "<group>"; };
		9303C0481C52C14000560FF6 /* TipCalculator2UITests.xctest */ = {isa = PBXFileReference; explicitFileType = wrapper.cfbundle; includeInIndex = 0; path = TipCalculator2UITests.xctest; sourceTree = BUILT_PRODUCTS_DIR; };
		9303C04C1C52C14000560FF6 /* TipCalculator2UITests.m */ = {isa = PBXFileReference; lastKnownFileType = sourcecode.c.objc; path = TipCalculator2UITests.m; sourceTree = "<group>"; };
		9303C04E1C52C14000560FF6 /* Info.plist */ = {isa = PBXFileReference; lastKnownFileType = text.plist.xml; path = Info.plist; sourceTree = "<group>"; };
/* End PBXFileReference section */

/* Begin PBXFrameworksBuildPhase section */
		9303C0211C52C13F00560FF6 /* Frameworks */ = {
			isa = PBXFrameworksBuildPhase;
			buildActionMask = 2147483647;
			files = (
			);
			runOnlyForDeploymentPostprocessing = 0;
		};
		9303C03A1C52C14000560FF6 /* Frameworks */ = {
			isa = PBXFrameworksBuildPhase;
			buildActionMask = 2147483647;
			files = (
			);
			runOnlyForDeploymentPostprocessing = 0;
		};
		9303C0451C52C14000560FF6 /* Frameworks */ = {
			isa = PBXFrameworksBuildPhase;
			buildActionMask = 2147483647;
			files = (
			);
			runOnlyForDeploymentPostprocessing = 0;
		};
/* End PBXFrameworksBuildPhase section */

/* Begin PBXGroup section */
		9303C01B1C52C13F00560FF6 = {
			isa = PBXGroup;
			children = (
				9303C0261C52C14000560FF6 /* TipCalculator2 */,
				9303C0401C52C14000560FF6 /* TipCalculator2Tests */,
				9303C04B1C52C14000560FF6 /* TipCalculator2UITests */,
				9303C0251C52C14000560FF6 /* Products */,
			);
			sourceTree = "<group>";
		};
		9303C0251C52C14000560FF6 /* Products */ = {
			isa = PBXGroup;
			children = (
				9303C0241C52C14000560FF6 /* TipCalculator2.app */,
				9303C03D1C52C14000560FF6 /* TipCalculator2Tests.xctest */,
				9303C0481C52C14000560FF6 /* TipCalculator2UITests.xctest */,
			);
			name = Products;
			sourceTree = "<group>";
		};
		9303C0261C52C14000560FF6 /* TipCalculator2 */ = {
			isa = PBXGroup;
			children = (
				9303C02A1C52C14000560FF6 /* AppDelegate.h */,
				9303C02B1C52C14000560FF6 /* AppDelegate.m */,
				9303C02D1C52C14000560FF6 /* ViewController.h */,
				9303C02E1C52C14000560FF6 /* ViewController.m */,
				9303C0301C52C14000560FF6 /* Main.storyboard */,
				9303C0331C52C14000560FF6 /* Assets.xcassets */,
				9303C0351C52C14000560FF6 /* LaunchScreen.storyboard */,
				9303C0381C52C14000560FF6 /* Info.plist */,
				9303C0271C52C14000560FF6 /* Supporting Files */,
			);
			path = TipCalculator2;
			sourceTree = "<group>";
		};
		9303C0271C52C14000560FF6 /* Supporting Files */ = {
			isa = PBXGroup;
			children = (
				9303C0281C52C14000560FF6 /* main.m */,
			);
			name = "Supporting Files";
			sourceTree = "<group>";
		};
		9303C0401C52C14000560FF6 /* TipCalculator2Tests */ = {
			isa = PBXGroup;
			children = (
				9303C0411C52C14000560FF6 /* TipCalculator2Tests.m */,
				9303C0431C52C14000560FF6 /* Info.plist */,
			);
			path = TipCalculator2Tests;
			sourceTree = "<group>";
		};
		9303C04B1C52C14000560FF6 /* TipCalculator2UITests */ = {
			isa = PBXGroup;
			children = (
				9303C04C1C52C14000560FF6 /* TipCalculator2UITests.m */,
				9303C04E1C52C14000560FF6 /* Info.plist */,
			);
			path = TipCalculator2UITests;
			sourceTree = "<group>";
		};
/* End PBXGroup section */

/* Begin PBXNativeTarget section */
		9303C0231C52C14000560FF6 /* TipCalculator2 */ = {
			isa = PBXNativeTarget;
			buildConfigurationList = 9303C0511C52C14000560FF6 /* Build configuration list for PBXNativeTarget "TipCalculator2" */;
			buildPhases = (
				9303C0201C52C13F00560FF6 /* Sources */,
				9303C0211C52C13F00560FF6 /* Frameworks */,
				9303C0221C52C13F00560FF6 /* Resources */,
			);
			buildRules = (
			);
			dependencies = (
			);
			name = TipCalculator2;
			productName = TipCalculator2;
			productReference = 9303C0241C52C14000560FF6 /* TipCalculator2.app */;
			productType = "com.apple.product-type.application";
		};
		9303C03C1C52C14000560FF6 /* TipCalculator2Tests */ = {
			isa = PBXNativeTarget;
			buildConfigurationList = 9303C0541C52C14000560FF6 /* Build configuration list for PBXNativeTarget "TipCalculator2Tests" */;
			buildPhases = (
				9303C0391C52C14000560FF6 /* Sources */,
				9303C03A1C52C14000560FF6 /* Frameworks */,
				9303C03B1C52C14000560FF6 /* Resources */,
			);
			buildRules = (
			);
			dependencies = (
				9303C03F1C52C14000560FF6 /* PBXTargetDependency */,
			);
			name = TipCalculator2Tests;
			productName = TipCalculator2Tests;
			productReference = 9303C03D1C52C14000560FF6 /* TipCalculator2Tests.xctest */;
			productType = "com.apple.product-type.bundle.unit-test";
		};
		9303C0471C52C14000560FF6 /* TipCalculator2UITests */ = {
			isa = PBXNativeTarget;
			buildConfigurationList = 9303C0571C52C14000560FF6 /* Build configuration list for PBXNativeTarget "TipCalculator2UITests" */;
			buildPhases = (
				9303C0441C52C14000560FF6 /* Sources */,
				9303C0451C52C14000560FF6 /* Frameworks */,
				9303C0461C52C14000560FF6 /* Resources */,
			);
			buildRules = (
			);
			dependencies = (
				9303C04A1C52C14000560FF6 /* PBXTargetDependency */,
			);
			name = TipCalculator2UITests;
			productName = TipCalculator2UITests;
			productReference = 9303C0481C52C14000560FF6 /* TipCalculator2UITests.xctest */;
			productType = "com.apple.product-type.bundle.ui-testing";
		};
/* End PBXNativeTarget section */

/* Begin PBXProject section */
		9303C01C1C52C13F00560FF6 /* Project object */ = {
			isa = PBXProject;
			attributes = {
				LastUpgradeCheck = 0720;
				ORGANIZATIONNAME = "Benson Huynh";
				TargetAttributes = {
					9303C0231C52C14000560FF6 = {
						CreatedOnToolsVersion = 7.2;
						DevelopmentTeam = Q4XP3UEQ6Q;
					};
					9303C03C1C52C14000560FF6 = {
						CreatedOnToolsVersion = 7.2;
						DevelopmentTeam = Q4XP3UEQ6Q;
						TestTargetID = 9303C0231C52C14000560FF6;
					};
					9303C0471C52C14000560FF6 = {
						CreatedOnToolsVersion = 7.2;
						DevelopmentTeam = Q4XP3UEQ6Q;
						TestTargetID = 9303C0231C52C14000560FF6;
					};
				};
			};
			buildConfigurationList = 9303C01F1C52C13F00560FF6 /* Build configuration list for PBXProject "TipCalculator2" */;
			compatibilityVersion = "Xcode 3.2";
			developmentRegion = English;
			hasScannedForEncodings = 0;
			knownRegions = (
				en,
				Base,
			);
			mainGroup = 9303C01B1C52C13F00560FF6;
			productRefGroup = 9303C0251C52C14000560FF6 /* Products */;
			projectDirPath = "";
			projectRoot = "";
			targets = (
				9303C0231C52C14000560FF6 /* TipCalculator2 */,
				9303C03C1C52C14000560FF6 /* TipCalculator2Tests */,
				9303C0471C52C14000560FF6 /* TipCalculator2UITests */,
			);
		};
/* End PBXProject section */

/* Begin PBXResourcesBuildPhase section */
		9303C0221C52C13F00560FF6 /* Resources */ = {
			isa = PBXResourcesBuildPhase;
			buildActionMask = 2147483647;
			files = (
				9303C0371C52C14000560FF6 /* LaunchScreen.storyboard in Resources */,
				9303C0341C52C14000560FF6 /* Assets.xcassets in Resources */,
				9303C0321C52C14000560FF6 /* Main.storyboard in Resources */,
			);
			runOnlyForDeploymentPostprocessing = 0;
		};
		9303C03B1C52C14000560FF6 /* Resources */ = {
			isa = PBXResourcesBuildPhase;
			buildActionMask = 2147483647;
			files = (
			);
			runOnlyForDeploymentPostprocessing = 0;
		};
		9303C0461C52C14000560FF6 /* Resources */ = {
			isa = PBXResourcesBuildPhase;
			buildActionMask = 2147483647;
			files = (
			);
			runOnlyForDeploymentPostprocessing = 0;
		};
/* End PBXResourcesBuildPhase section */

/* Begin PBXSourcesBuildPhase section */
		9303C0201C52C13F00560FF6 /* Sources */ = {
			isa = PBXSourcesBuildPhase;
			buildActionMask = 2147483647;
			files = (
				9303C02F1C52C14000560FF6 /* ViewController.m in Sources */,
				9303C02C1C52C14000560FF6 /* AppDelegate.m in Sources */,
				9303C0291C52C14000560FF6 /* main.m in Sources */,
			);
			runOnlyForDeploymentPostprocessing = 0;
		};
		9303C0391C52C14000560FF6 /* Sources */ = {
			isa = PBXSourcesBuildPhase;
			buildActionMask = 2147483647;
			files = (
				9303C0421C52C14000560FF6 /* TipCalculator2Tests.m in Sources */,
			);
			runOnlyForDeploymentPostprocessing = 0;
		};
		9303C0441C52C14000560FF6 /* Sources */ = {
			isa = PBXSourcesBuildPhase;
			buildActionMask = 2147483647;
			files = (
				9303C04D1C52C14000560FF6 /* TipCalculator2UITests.m in Sources */,
			);
			runOnlyForDeploymentPostprocessing = 0;
		};
/* End PBXSourcesBuildPhase section */

/* Begin PBXTargetDependency section */
		9303C03F1C52C14000560FF6 /* PBXTargetDependency */ = {
			isa = PBXTargetDependency;
			target = 9303C0231C52C14000560FF6 /* TipCalculator2 */;
			targetProxy = 9303C03E1C52C14000560FF6 /* PBXContainerItemProxy */;
		};
		9303C04A1C52C14000560FF6 /* PBXTargetDependency */ = {
			isa = PBXTargetDependency;
			target = 9303C0231C52C14000560FF6 /* TipCalculator2 */;
			targetProxy = 9303C0491C52C14000560FF6 /* PBXContainerItemProxy */;
		};
/* End PBXTargetDependency section */

/* Begin PBXVariantGroup section */
		9303C0301C52C14000560FF6 /* Main.storyboard */ = {
			isa = PBXVariantGroup;
			children = (
				9303C0311C52C14000560FF6 /* Base */,
			);
			name = Main.storyboard;
			sourceTree = "<group>";
		};
		9303C0351C52C14000560FF6 /* LaunchScreen.storyboard */ = {
			isa = PBXVariantGroup;
			children = (
				9303C0361C52C14000560FF6 /* Base */,
			);
			name = LaunchScreen.storyboard;
			sourceTree = "<group>";
		};
/* End PBXVariantGroup section */

/* Begin XCBuildConfiguration section */
		9303C04F1C52C14000560FF6 /* Debug */ = {
			isa = XCBuildConfiguration;
			buildSettings = {
				ALWAYS_SEARCH_USER_PATHS = NO;
				CLANG_CXX_LANGUAGE_STANDARD = "gnu++0x";
				CLANG_CXX_LIBRARY = "libc++";
				CLANG_ENABLE_MODULES = YES;
				CLANG_ENABLE_OBJC_ARC = YES;
				CLANG_WARN_BOOL_CONVERSION = YES;
				CLANG_WARN_CONSTANT_CONVERSION = YES;
				CLANG_WARN_DIRECT_OBJC_ISA_USAGE = YES_ERROR;
				CLANG_WARN_EMPTY_BODY = YES;
				CLANG_WARN_ENUM_CONVERSION = YES;
				CLANG_WARN_INT_CONVERSION = YES;
				CLANG_WARN_OBJC_ROOT_CLASS = YES_ERROR;
				CLANG_WARN_UNREACHABLE_CODE = YES;
				CLANG_WARN__DUPLICATE_METHOD_MATCH = YES;
				"CODE_SIGN_IDENTITY[sdk=iphoneos*]" = "iPhone Developer";
				COPY_PHASE_STRIP = NO;
				DEBUG_INFORMATION_FORMAT = dwarf;
				ENABLE_STRICT_OBJC_MSGSEND = YES;
				ENABLE_TESTABILITY = YES;
				GCC_C_LANGUAGE_STANDARD = gnu99;
				GCC_DYNAMIC_NO_PIC = NO;
				GCC_NO_COMMON_BLOCKS = YES;
				GCC_OPTIMIZATION_LEVEL = 0;
				GCC_PREPROCESSOR_DEFINITIONS = (
					"DEBUG=1",
					"$(inherited)",
				);
				GCC_WARN_64_TO_32_BIT_CONVERSION = YES;
				GCC_WARN_ABOUT_RETURN_TYPE = YES_ERROR;
				GCC_WARN_UNDECLARED_SELECTOR = YES;
				GCC_WARN_UNINITIALIZED_AUTOS = YES_AGGRESSIVE;
				GCC_WARN_UNUSED_FUNCTION = YES;
				GCC_WARN_UNUSED_VARIABLE = YES;
				IPHONEOS_DEPLOYMENT_TARGET = 9.2;
				MTL_ENABLE_DEBUG_INFO = YES;
				ONLY_ACTIVE_ARCH = YES;
				SDKROOT = iphoneos;
				TARGETED_DEVICE_FAMILY = "1,2";
			};
			name = Debug;
		};
		9303C0501C52C14000560FF6 /* Release */ = {
			isa = XCBuildConfiguration;
			buildSettings = {
				ALWAYS_SEARCH_USER_PATHS = NO;
				CLANG_CXX_LANGUAGE_STANDARD = "gnu++0x";
				CLANG_CXX_LIBRARY = "libc++";
				CLANG_ENABLE_MODULES = YES;
				CLANG_ENABLE_OBJC_ARC = YES;
				CLANG_WARN_BOOL_CONVERSION = YES;
				CLANG_WARN_CONSTANT_CONVERSION = YES;
				CLANG_WARN_DIRECT_OBJC_ISA_USAGE = YES_ERROR;
				CLANG_WARN_EMPTY_BODY = YES;
				CLANG_WARN_ENUM_CONVERSION = YES;
				CLANG_WARN_INT_CONVERSION = YES;
				CLANG_WARN_OBJC_ROOT_CLASS = YES_ERROR;
				CLANG_WARN_UNREACHABLE_CODE = YES;
				CLANG_WARN__DUPLICATE_METHOD_MATCH = YES;
				"CODE_SIGN_IDENTITY[sdk=iphoneos*]" = "iPhone Developer";
				COPY_PHASE_STRIP = NO;
				DEBUG_INFORMATION_FORMAT = "dwarf-with-dsym";
				ENABLE_NS_ASSERTIONS = NO;
				ENABLE_STRICT_OBJC_MSGSEND = YES;
				GCC_C_LANGUAGE_STANDARD = gnu99;
				GCC_NO_COMMON_BLOCKS = YES;
				GCC_WARN_64_TO_32_BIT_CONVERSION = YES;
				GCC_WARN_ABOUT_RETURN_TYPE = YES_ERROR;
				GCC_WARN_UNDECLARED_SELECTOR = YES;
				GCC_WARN_UNINITIALIZED_AUTOS = YES_AGGRESSIVE;
				GCC_WARN_UNUSED_FUNCTION = YES;
				GCC_WARN_UNUSED_VARIABLE = YES;
				IPHONEOS_DEPLOYMENT_TARGET = 9.2;
				MTL_ENABLE_DEBUG_INFO = NO;
				SDKROOT = iphoneos;
				TARGETED_DEVICE_FAMILY = "1,2";
				VALIDATE_PRODUCT = YES;
			};
			name = Release;
		};
		9303C0521C52C14000560FF6 /* Debug */ = {
			isa = XCBuildConfiguration;
			buildSettings = {
				ASSETCATALOG_COMPILER_APPICON_NAME = AppIcon;
				INFOPLIST_FILE = TipCalculator2/Info.plist;
				LD_RUNPATH_SEARCH_PATHS = "$(inherited) @executable_path/Frameworks";
				PRODUCT_BUNDLE_IDENTIFIER = ca.lighthouselabs.TipCalculator2;
				PRODUCT_NAME = "$(TARGET_NAME)";
			};
			name = Debug;
		};
		9303C0531C52C14000560FF6 /* Release */ = {
			isa = XCBuildConfiguration;
			buildSettings = {
				ASSETCATALOG_COMPILER_APPICON_NAME = AppIcon;
				INFOPLIST_FILE = TipCalculator2/Info.plist;
				LD_RUNPATH_SEARCH_PATHS = "$(inherited) @executable_path/Frameworks";
				PRODUCT_BUNDLE_IDENTIFIER = ca.lighthouselabs.TipCalculator2;
				PRODUCT_NAME = "$(TARGET_NAME)";
			};
			name = Release;
		};
		9303C0551C52C14000560FF6 /* Debug */ = {
			isa = XCBuildConfiguration;
			buildSettings = {
				BUNDLE_LOADER = "$(TEST_HOST)";
				INFOPLIST_FILE = TipCalculator2Tests/Info.plist;
				LD_RUNPATH_SEARCH_PATHS = "$(inherited) @executable_path/Frameworks @loader_path/Frameworks";
				PRODUCT_BUNDLE_IDENTIFIER = ca.lighthouselabs.TipCalculator2Tests;
				PRODUCT_NAME = "$(TARGET_NAME)";
				TEST_HOST = "$(BUILT_PRODUCTS_DIR)/TipCalculator2.app/TipCalculator2";
			};
			name = Debug;
		};
		9303C0561C52C14000560FF6 /* Release */ = {
			isa = XCBuildConfiguration;
			buildSettings = {
				BUNDLE_LOADER = "$(TEST_HOST)";
				INFOPLIST_FILE = TipCalculator2Tests/Info.plist;
				LD_RUNPATH_SEARCH_PATHS = "$(inherited) @executable_path/Frameworks @loader_path/Frameworks";
				PRODUCT_BUNDLE_IDENTIFIER = ca.lighthouselabs.TipCalculator2Tests;
				PRODUCT_NAME = "$(TARGET_NAME)";
				TEST_HOST = "$(BUILT_PRODUCTS_DIR)/TipCalculator2.app/TipCalculator2";
			};
			name = Release;
		};
		9303C0581C52C14000560FF6 /* Debug */ = {
			isa = XCBuildConfiguration;
			buildSettings = {
				INFOPLIST_FILE = TipCalculator2UITests/Info.plist;
				LD_RUNPATH_SEARCH_PATHS = "$(inherited) @executable_path/Frameworks @loader_path/Frameworks";
				PRODUCT_BUNDLE_IDENTIFIER = ca.lighthouselabs.TipCalculator2UITests;
				PRODUCT_NAME = "$(TARGET_NAME)";
				TEST_TARGET_NAME = TipCalculator2;
				USES_XCTRUNNER = YES;
			};
			name = Debug;
		};
		9303C0591C52C14000560FF6 /* Release */ = {
			isa = XCBuildConfiguration;
			buildSettings = {
				INFOPLIST_FILE = TipCalculator2UITests/Info.plist;
				LD_RUNPATH_SEARCH_PATHS = "$(inherited) @executable_path/Frameworks @loader_path/Frameworks";
				PRODUCT_BUNDLE_IDENTIFIER = ca.lighthouselabs.TipCalculator2UITests;
				PRODUCT_NAME = "$(TARGET_NAME)";
				TEST_TARGET_NAME = TipCalculator2;
				USES_XCTRUNNER = YES;
			};
			name = Release;
		};
/* End XCBuildConfiguration section */

/* Begin XCConfigurationList section */
		9303C01F1C52C13F00560FF6 /* Build configuration list for PBXProject "TipCalculator2" */ = {
			isa = XCConfigurationList;
			buildConfigurations = (
				9303C04F1C52C14000560FF6 /* Debug */,
				9303C0501C52C14000560FF6 /* Release */,
			);
			defaultConfigurationIsVisible = 0;
			defaultConfigurationName = Release;
		};
		9303C0511C52C14000560FF6 /* Build configuration list for PBXNativeTarget "TipCalculator2" */ = {
			isa = XCConfigurationList;
			buildConfigurations = (
				9303C0521C52C14000560FF6 /* Debug */,
				9303C0531C52C14000560FF6 /* Release */,
			);
			defaultConfigurationIsVisible = 0;
		};
		9303C0541C52C14000560FF6 /* Build configuration list for PBXNativeTarget "TipCalculator2Tests" */ = {
			isa = XCConfigurationList;
			buildConfigurations = (
				9303C0551C52C14000560FF6 /* Debug */,
				9303C0561C52C14000560FF6 /* Release */,
			);
			defaultConfigurationIsVisible = 0;
		};
		9303C0571C52C14000560FF6 /* Build configuration list for PBXNativeTarget "TipCalculator2UITests" */ = {
			isa = XCConfigurationList;
			buildConfigurations = (
				9303C0581C52C14000560FF6 /* Debug */,
				9303C0591C52C14000560FF6 /* Release */,
			);
			defaultConfigurationIsVisible = 0;
		};
/* End XCConfigurationList section */
	};
	rootObject = 9303C01C1C52C13F00560FF6 /* Project object */;
}
